
Microsoft Visual Studio Solution File, Format Version 10.00
# Visual Studio 2008
Project("{F184B08F-C81C-45F6-A57F-5ABD9991F28F}") = "AarsysMetro", "AarsysMetro.vbproj", "{ED2E0790-66A9-4205-BDFC-8F9A88E7CFF2}"
EndProject
Global
	GlobalSection(SolutionConfigurationPlatforms) = preSolution
		Debug|Any CPU = Debug|Any CPU
		Release|Any CPU = Release|Any CPU
	EndGlobalSection
	GlobalSection(ProjectConfigurationPlatforms) = postSolution
		{ED2E0790-66A9-4205-BDFC-8F9A88E7CFF2}.Debug|Any CPU.ActiveCfg = Debug|Any CPU
		{ED2E0790-66A9-4205-BDFC-8F9A88E7CFF2}.Debug|Any CPU.Build.0 = Debug|Any CPU
		{ED2E0790-66A9-4205-BDFC-8F9A88E7CFF2}.Release|Any CPU.ActiveCfg = Release|Any CPU
		{ED2E0790-66A9-4205-BDFC-8F9A88E7CFF2}.Release|Any CPU.Build.0 = Release|Any CPU
	EndGlobalSection
	GlobalSection(SolutionProperties) = preSolution
		HideSolutionNode = FALSE
	EndGlobalSection
EndGlobal
